
Microsoft Visual Studio Solution File, Format Version 12.00
# Visual Studio Version 17
VisualStudioVersion = 17.9.34728.123
MinimumVisualStudioVersion = 10.0.40219.1
Project("{FAE04EC0-301F-11D3-BF4B-00C04F79EFBC}") = "MVC-dot-net", "MVC-dot-net\MVC-dot-net.csproj", "{141C6C62-5D8B-42A8-BAF3-0BA6C9B0740D}"
EndProject
Global
	GlobalSection(SolutionConfigurationPlatforms) = preSolution
		Debug|Any CPU = Debug|Any CPU
		Release|Any CPU = Release|Any CPU
	EndGlobalSection
	GlobalSection(ProjectConfigurationPlatforms) = postSolution
		{141C6C62-5D8B-42A8-BAF3-0BA6C9B0740D}.Debug|Any CPU.ActiveCfg = Debug|Any CPU
		{141C6C62-5D8B-42A8-BAF3-0BA6C9B0740D}.Debug|Any CPU.Build.0 = Debug|Any CPU
		{141C6C62-5D8B-42A8-BAF3-0BA6C9B0740D}.Release|Any CPU.ActiveCfg = Release|Any CPU
		{141C6C62-5D8B-42A8-BAF3-0BA6C9B0740D}.Release|Any CPU.Build.0 = Release|Any CPU
	EndGlobalSection
	GlobalSection(SolutionProperties) = preSolution
		HideSolutionNode = FALSE
	EndGlobalSection
	GlobalSection(ExtensibilityGlobals) = postSolution
		SolutionGuid = {5648EF34-D914-4E9C-A56A-204E6362CD15}
	EndGlobalSection
EndGlobal
